<?xml version="1.0" encoding="utf-8"?>
<Project ToolsVersion="4.0" xmlns="http://schemas.microsoft.com/developer/msbuild/2003">
  <ItemGroup>
    <Filter Include="Source Files">
      <UniqueIdentifier>{4FC737F1-C7A5-4376-A066-2A32D752A2FF}</UniqueIdentifier>
      <Extensions>cpp;c;cc;cxx;def;odl;idl;hpj;bat;asm;asmx</Extensions>
    </Filter>
    <Filter Include="Header Files">
      <UniqueIdentifier>{93995380-89BD-4b04-88EB-625FBE52EBFB}</UniqueIdentifier>
      <Extensions>h;hpp;hxx;hm;inl;inc;xsd</Extensions>
    </Filter>
    <Filter Include="Resource Files">
      <UniqueIdentifier>{67DA6AB6-F800-4c08-8B7A-83BB121AAD01}</UniqueIdentifier>
      <Extensions>rc;ico;cur;bmp;dlg;rc2;rct;bin;rgs;gif;jpg;jpeg;jpe;resx;tiff;tif;png;wav;mfcribbon-ms</Extensions>
    </Filter>
  </ItemGroup>
  <ItemGroup>
    <ClInclude Include="..\include\ALL.h">
      <Filter>Header Files</Filter>
    </ClInclude>
    <ClInclude Include="..\include\asmfun.h">
      <Filter>Header Files</Filter>
    </ClInclude>
    <ClInclude Include="..\include\audio_base.h">
      <Filter>Header Files</Filter>
    </ClInclude>
    <ClInclude Include="..\include\audio_stream.h">
      <Filter>Header Files</Filter>
    </ClInclude>
    <ClInclude Include="..\include\COLCODE.h">
      <Filter>Header Files</Filter>
    </ClInclude>
    <ClInclude Include="..\include\COLOR.h">
      <Filter>Header Files</Filter>
    </ClInclude>
    <ClInclude Include="..\include\CRC.h">
      <Filter>Header Files</Filter>
    </ClInclude>
    <ClInclude Include="..\include\dbglog.h">
      <Filter>Header Files</Filter>
    </ClInclude>
    <ClInclude Include="..\include\DMOUSE.h">
      <Filter>Header Files</Filter>
    </ClInclude>
    <ClInclude Include="..\include\dsound_audio.h">
      <Filter>Header Files</Filter>
    </ClInclude>
    <ClInclude Include="..\include\file_input_stream.h">
      <Filter>Header Files</Filter>
    </ClInclude>
    <ClInclude Include="..\include\file_io_visitor.h">
      <Filter>Header Files</Filter>
    </ClInclude>
    <ClInclude Include="..\include\file_output_stream.h">
      <Filter>Header Files</Filter>
    </ClInclude>
    <ClInclude Include="..\include\file_reader.h">
      <Filter>Header Files</Filter>
    </ClInclude>
    <ClInclude Include="..\include\file_util.h">
      <Filter>Header Files</Filter>
    </ClInclude>
    <ClInclude Include="..\include\file_writer.h">
      <Filter>Header Files</Filter>
    </ClInclude>
    <ClInclude Include="..\include\GAMEDEF.h">
      <Filter>Header Files</Filter>
    </ClInclude>
    <ClInclude Include="..\include\gettext.h">
      <Filter>Header Files</Filter>
    </ClInclude>
    <ClInclude Include="..\include\IMGFUN.h">
      <Filter>Header Files</Filter>
    </ClInclude>
    <ClInclude Include="..\include\input_stream.h">
      <Filter>Header Files</Filter>
    </ClInclude>
    <ClInclude Include="..\include\KEY.h">
      <Filter>Header Files</Filter>
    </ClInclude>
    <ClInclude Include="..\include\mem_input_stream.h">
      <Filter>Header Files</Filter>
    </ClInclude>
    <ClInclude Include="..\include\mouse_dinput.h">
      <Filter>Header Files</Filter>
    </ClInclude>
    <ClInclude Include="..\include\mouse_none.h">
      <Filter>Header Files</Filter>
    </ClInclude>
    <ClInclude Include="..\include\mouse_sdl.h">
      <Filter>Header Files</Filter>
    </ClInclude>
    <ClInclude Include="..\include\MPTYPES.h">
      <Filter>Header Files</Filter>
    </ClInclude>
    <ClInclude Include="..\include\multiplayer.h">
      <Filter>Header Files</Filter>
    </ClInclude>
    <ClInclude Include="..\include\OANLINE.h">
      <Filter>Header Files</Filter>
    </ClInclude>
    <ClInclude Include="..\include\OAUDIO.h">
      <Filter>Header Files</Filter>
    </ClInclude>
    <ClInclude Include="..\include\OB_FLAME.h">
      <Filter>Header Files</Filter>
    </ClInclude>
    <ClInclude Include="..\include\OB_HOMIN.h">
      <Filter>Header Files</Filter>
    </ClInclude>
    <ClInclude Include="..\include\OB_PROJ.h">
      <Filter>Header Files</Filter>
    </ClInclude>
    <ClInclude Include="..\include\OBATTLE.h">
      <Filter>Header Files</Filter>
    </ClInclude>
    <ClInclude Include="..\include\OBLOB.h">
      <Filter>Header Files</Filter>
    </ClInclude>
    <ClInclude Include="..\include\OBOX.h">
      <Filter>Header Files</Filter>
    </ClInclude>
    <ClInclude Include="..\include\OBULLET.h">
      <Filter>Header Files</Filter>
    </ClInclude>
    <ClInclude Include="..\include\OBUTT3D.h">
      <Filter>Header Files</Filter>
    </ClInclude>
    <ClInclude Include="..\include\OBUTTCUS.h">
      <Filter>Header Files</Filter>
    </ClInclude>
    <ClInclude Include="..\include\OBUTTON.h">
      <Filter>Header Files</Filter>
    </ClInclude>
    <ClInclude Include="..\include\OCOLTBL.h">
      <Filter>Header Files</Filter>
    </ClInclude>
    <ClInclude Include="..\include\OCONFIG.h">
      <Filter>Header Files</Filter>
    </ClInclude>
    <ClInclude Include="..\include\OCRC_STO.h">
      <Filter>Header Files</Filter>
    </ClInclude>
    <ClInclude Include="..\include\ODATE.h">
      <Filter>Header Files</Filter>
    </ClInclude>
    <ClInclude Include="..\include\ODB.h">
      <Filter>Header Files</Filter>
    </ClInclude>
    <ClInclude Include="..\include\ODIR.h">
      <Filter>Header Files</Filter>
    </ClInclude>
    <ClInclude Include="..\include\ODYNARR.h">
      <Filter>Header Files</Filter>
    </ClInclude>
    <ClInclude Include="..\include\ODYNARRB.h">
      <Filter>Header Files</Filter>
    </ClInclude>
    <ClInclude Include="..\include\OEFFECT.h">
      <Filter>Header Files</Filter>
    </ClInclude>
    <ClInclude Include="..\include\OERRCTRL.h">
      <Filter>Header Files</Filter>
    </ClInclude>
    <ClInclude Include="..\include\OERROR.h">
      <Filter>Header Files</Filter>
    </ClInclude>
    <ClInclude Include="..\include\OEXPMASK.h">
      <Filter>Header Files</Filter>
    </ClInclude>
    <ClInclude Include="..\include\OF_BASE.h">
      <Filter>Header Files</Filter>
    </ClInclude>
    <ClInclude Include="..\include\OF_CAMP.h">
      <Filter>Header Files</Filter>
    </ClInclude>
    <ClInclude Include="..\include\OF_FACT.h">
      <Filter>Header Files</Filter>
    </ClInclude>
    <ClInclude Include="..\include\OF_HARB.h">
      <Filter>Header Files</Filter>
    </ClInclude>
    <ClInclude Include="..\include\OF_INN.h">
      <Filter>Header Files</Filter>
    </ClInclude>
    <ClInclude Include="..\include\OF_MARK.h">
      <Filter>Header Files</Filter>
    </ClInclude>
    <ClInclude Include="..\include\OF_MINE.h">
      <Filter>Header Files</Filter>
    </ClInclude>
    <ClInclude Include="..\include\OF_MONS.h">
      <Filter>Header Files</Filter>
    </ClInclude>
    <ClInclude Include="..\include\OF_RESE.h">
      <Filter>Header Files</Filter>
    </ClInclude>
    <ClInclude Include="..\include\OF_WAR.h">
      <Filter>Header Files</Filter>
    </ClInclude>
    <ClInclude Include="..\include\OFILE.h">
      <Filter>Header Files</Filter>
    </ClInclude>
    <ClInclude Include="..\include\OFILETXT.h">
      <Filter>Header Files</Filter>
    </ClInclude>
    <ClInclude Include="..\include\OFIRERES.h">
      <Filter>Header Files</Filter>
    </ClInclude>
    <ClInclude Include="..\include\OFIRM.h">
      <Filter>Header Files</Filter>
    </ClInclude>
    <ClInclude Include="..\include\OFIRMA.h">
      <Filter>Header Files</Filter>
    </ClInclude>
    <ClInclude Include="..\include\OFIRMALL.h">
      <Filter>Header Files</Filter>
    </ClInclude>
    <ClInclude Include="..\include\OFIRMDIE.h">
      <Filter>Header Files</Filter>
    </ClInclude>
    <ClInclude Include="..\include\OFIRMID.h">
      <Filter>Header Files</Filter>
    </ClInclude>
    <ClInclude Include="..\include\OFIRMRES.h">
      <Filter>Header Files</Filter>
    </ClInclude>
    <ClInclude Include="..\include\OFLAME.h">
      <Filter>Header Files</Filter>
    </ClInclude>
    <ClInclude Include="..\include\OFONT.h">
      <Filter>Header Files</Filter>
    </ClInclude>
    <ClInclude Include="..\include\OGAME.h">
      <Filter>Header Files</Filter>
    </ClInclude>
    <ClInclude Include="..\include\OGAMESET.h">
      <Filter>Header Files</Filter>
    </ClInclude>
    <ClInclude Include="..\include\OGET.h">
      <Filter>Header Files</Filter>
    </ClInclude>
    <ClInclude Include="..\include\OGETA.h">
      <Filter>Header Files</Filter>
    </ClInclude>
    <ClInclude Include="..\include\OGF_V1.h">
      <Filter>Header Files</Filter>
    </ClInclude>
    <ClInclude Include="..\include\OGFILE.h">
      <Filter>Header Files</Filter>
    </ClInclude>
    <ClInclude Include="..\include\OGODRES.h">
      <Filter>Header Files</Filter>
    </ClInclude>
    <ClInclude Include="..\include\OGRPSEL.h">
      <Filter>Header Files</Filter>
    </ClInclude>
    <ClInclude Include="..\include\OHELP.h">
      <Filter>Header Files</Filter>
    </ClInclude>
    <ClInclude Include="..\include\OHILLRES.h">
      <Filter>Header Files</Filter>
    </ClInclude>
    <ClInclude Include="..\include\OHSETRES.h">
      <Filter>Header Files</Filter>
    </ClInclude>
    <ClInclude Include="..\include\OIMGRES.h">
      <Filter>Header Files</Filter>
    </ClInclude>
    <ClInclude Include="..\include\OINFO.h">
      <Filter>Header Files</Filter>
    </ClInclude>
    <ClInclude Include="..\include\OINGMENU.h">
      <Filter>Header Files</Filter>
    </ClInclude>
    <ClInclude Include="..\include\OISOAREA.h">
      <Filter>Header Files</Filter>
    </ClInclude>
    <ClInclude Include="..\include\OLIGHTN.h">
      <Filter>Header Files</Filter>
    </ClInclude>
    <ClInclude Include="..\include\OLOG.h">
      <Filter>Header Files</Filter>
    </ClInclude>
    <ClInclude Include="..\include\OLONGLOG.h">
      <Filter>Header Files</Filter>
    </ClInclude>
    <ClInclude Include="..\include\OLZW.h">
      <Filter>Header Files</Filter>
    </ClInclude>
    <ClInclude Include="..\include\OMATRIX.h">
      <Filter>Header Files</Filter>
    </ClInclude>
    <ClInclude Include="..\include\OMISC.h">
      <Filter>Header Files</Filter>
    </ClInclude>
    <ClInclude Include="..\include\OMLINK.h">
      <Filter>Header Files</Filter>
    </ClInclude>
    <ClInclude Include="..\include\OMONSRES.h">
      <Filter>Header Files</Filter>
    </ClInclude>
    <ClInclude Include="..\include\OMOUSE.h">
      <Filter>Header Files</Filter>
    </ClInclude>
    <ClInclude Include="..\include\OMOUSE2.h">
      <Filter>Header Files</Filter>
    </ClInclude>
    <ClInclude Include="..\include\OMOUSECR.h">
      <Filter>Header Files</Filter>
    </ClInclude>
    <ClInclude Include="..\include\OMUSIC.h">
      <Filter>Header Files</Filter>
    </ClInclude>
    <ClInclude Include="..\include\ONATION.h">
      <Filter>Header Files</Filter>
    </ClInclude>
    <ClInclude Include="..\include\ONATIONA.h">
      <Filter>Header Files</Filter>
    </ClInclude>
    <ClInclude Include="..\include\ONATIONB.h">
      <Filter>Header Files</Filter>
    </ClInclude>
    <ClInclude Include="..\include\ONEWS.h">
      <Filter>Header Files</Filter>
    </ClInclude>
    <ClInclude Include="..\include\OOPTMENU.h">
      <Filter>Header Files</Filter>
    </ClInclude>
    <ClInclude Include="..\include\openal_audio.h">
      <Filter>Header Files</Filter>
    </ClInclude>
    <ClInclude Include="..\include\OPLANT.h">
      <Filter>Header Files</Filter>
    </ClInclude>
    <ClInclude Include="..\include\OPLASMA.h">
      <Filter>Header Files</Filter>
    </ClInclude>
    <ClInclude Include="..\include\OPOWER.h">
      <Filter>Header Files</Filter>
    </ClInclude>
    <ClInclude Include="..\include\ORACERES.h">
      <Filter>Header Files</Filter>
    </ClInclude>
    <ClInclude Include="..\include\ORAIN.h">
      <Filter>Header Files</Filter>
    </ClInclude>
    <ClInclude Include="..\include\ORAWRES.h">
      <Filter>Header Files</Filter>
    </ClInclude>
    <ClInclude Include="..\include\OREBEL.h">
      <Filter>Header Files</Filter>
    </ClInclude>
    <ClInclude Include="..\include\OREGION.h">
      <Filter>Header Files</Filter>
    </ClInclude>
    <ClInclude Include="..\include\OREGIONS.h">
      <Filter>Header Files</Filter>
    </ClInclude>
    <ClInclude Include="..\include\OREMOTE.h">
      <Filter>Header Files</Filter>
    </ClInclude>
    <ClInclude Include="..\include\OREMOTEQ.h">
      <Filter>Header Files</Filter>
    </ClInclude>
    <ClInclude Include="..\include\ORES.h">
      <Filter>Header Files</Filter>
    </ClInclude>
    <ClInclude Include="..\include\ORESDB.h">
      <Filter>Header Files</Filter>
    </ClInclude>
    <ClInclude Include="..\include\ORESTXT.h">
      <Filter>Header Files</Filter>
    </ClInclude>
    <ClInclude Include="..\include\ORESX.h">
      <Filter>Header Files</Filter>
    </ClInclude>
    <ClInclude Include="..\include\OROCK.h">
      <Filter>Header Files</Filter>
    </ClInclude>
    <ClInclude Include="..\include\OROCKRES.h">
      <Filter>Header Files</Filter>
    </ClInclude>
    <ClInclude Include="..\include\OSCROLL.h">
      <Filter>Header Files</Filter>
    </ClInclude>
    <ClInclude Include="..\include\OSE.h">
      <Filter>Header Files</Filter>
    </ClInclude>
    <ClInclude Include="..\include\OSERES.h">
      <Filter>Header Files</Filter>
    </ClInclude>
    <ClInclude Include="..\include\OSFRMRES.h">
      <Filter>Header Files</Filter>
    </ClInclude>
    <ClInclude Include="..\include\OSITE.h">
      <Filter>Header Files</Filter>
    </ClInclude>
    <ClInclude Include="..\include\OSKILL.h">
      <Filter>Header Files</Filter>
    </ClInclude>
    <ClInclude Include="..\include\OSLIDCUS.h">
      <Filter>Header Files</Filter>
    </ClInclude>
    <ClInclude Include="..\include\OSLIDER.h">
      <Filter>Header Files</Filter>
    </ClInclude>
    <ClInclude Include="..\include\OSNOW.h">
      <Filter>Header Files</Filter>
    </ClInclude>
    <ClInclude Include="..\include\OSNOWG.h">
      <Filter>Header Files</Filter>
    </ClInclude>
    <ClInclude Include="..\include\OSNOWRES.h">
      <Filter>Header Files</Filter>
    </ClInclude>
    <ClInclude Include="..\include\OSPATH.h">
      <Filter>Header Files</Filter>
    </ClInclude>
    <ClInclude Include="..\include\OSPINNER.h">
      <Filter>Header Files</Filter>
    </ClInclude>
    <ClInclude Include="..\include\OSPREUSE.h">
      <Filter>Header Files</Filter>
    </ClInclude>
    <ClInclude Include="..\include\OSPRITE.h">
      <Filter>Header Files</Filter>
    </ClInclude>
    <ClInclude Include="..\include\OSPRTRES.h">
      <Filter>Header Files</Filter>
    </ClInclude>
    <ClInclude Include="..\include\OSPY.h">
      <Filter>Header Files</Filter>
    </ClInclude>
    <ClInclude Include="..\include\OSTR.h">
      <Filter>Header Files</Filter>
    </ClInclude>
    <ClInclude Include="..\include\OSYS.h">
      <Filter>Header Files</Filter>
    </ClInclude>
    <ClInclude Include="..\include\OTALKMSG.h">
      <Filter>Header Files</Filter>
    </ClInclude>
    <ClInclude Include="..\include\OTALKRES.h">
      <Filter>Header Files</Filter>
    </ClInclude>
    <ClInclude Include="..\include\OTARRAY.h">
      <Filter>Header Files</Filter>
    </ClInclude>
    <ClInclude Include="..\include\OTECHRES.h">
      <Filter>Header Files</Filter>
    </ClInclude>
    <ClInclude Include="..\include\OTERRAIN.h">
      <Filter>Header Files</Filter>
    </ClInclude>
    <ClInclude Include="..\include\OTORNADO.h">
      <Filter>Header Files</Filter>
    </ClInclude>
    <ClInclude Include="..\include\OTOWN.h">
      <Filter>Header Files</Filter>
    </ClInclude>
    <ClInclude Include="..\include\OTownNetwork.h">
      <Filter>Header Files</Filter>
    </ClInclude>
    <ClInclude Include="..\include\OTOWNREC.h">
      <Filter>Header Files</Filter>
    </ClInclude>
    <ClInclude Include="..\include\OTOWNRES.h">
      <Filter>Header Files</Filter>
    </ClInclude>
    <ClInclude Include="..\include\OTRANSL.h">
      <Filter>Header Files</Filter>
    </ClInclude>
    <ClInclude Include="..\include\OTUTOR.h">
      <Filter>Header Files</Filter>
    </ClInclude>
    <ClInclude Include="..\include\OU_CARA.h">
      <Filter>Header Files</Filter>
    </ClInclude>
    <ClInclude Include="..\include\OU_CART.h">
      <Filter>Header Files</Filter>
    </ClInclude>
    <ClInclude Include="..\include\OU_GOD.h">
      <Filter>Header Files</Filter>
    </ClInclude>
    <ClInclude Include="..\include\OU_MARI.h">
      <Filter>Header Files</Filter>
    </ClInclude>
    <ClInclude Include="..\include\OU_MONS.h">
      <Filter>Header Files</Filter>
    </ClInclude>
    <ClInclude Include="..\include\OU_VEHI.h">
      <Filter>Header Files</Filter>
    </ClInclude>
    <ClInclude Include="..\include\OUNIT.h">
      <Filter>Header Files</Filter>
    </ClInclude>
    <ClInclude Include="..\include\OUNITALL.h">
      <Filter>Header Files</Filter>
    </ClInclude>
    <ClInclude Include="..\include\OUNITRES.h">
      <Filter>Header Files</Filter>
    </ClInclude>
    <ClInclude Include="..\include\output_stream.h">
      <Filter>Header Files</Filter>
    </ClInclude>
    <ClInclude Include="..\include\OVBROWIF.h">
      <Filter>Header Files</Filter>
    </ClInclude>
    <ClInclude Include="..\include\OVBROWSE.h">
      <Filter>Header Files</Filter>
    </ClInclude>
    <ClInclude Include="..\include\OVGA.h">
      <Filter>Header Files</Filter>
    </ClInclude>
    <ClInclude Include="..\include\OVGABUF.h">
      <Filter>Header Files</Filter>
    </ClInclude>
    <ClInclude Include="..\include\OVGALOCK.h">
      <Filter>Header Files</Filter>
    </ClInclude>
    <ClInclude Include="..\include\OVIDEO.h">
      <Filter>Header Files</Filter>
    </ClInclude>
    <ClInclude Include="..\include\OVOLUME.h">
      <Filter>Header Files</Filter>
    </ClInclude>
    <ClInclude Include="..\include\OVQUEUE.h">
      <Filter>Header Files</Filter>
    </ClInclude>
    <ClInclude Include="..\include\OWALLRES.h">
      <Filter>Header Files</Filter>
    </ClInclude>
    <ClInclude Include="..\include\OWARPT.h">
      <Filter>Header Files</Filter>
    </ClInclude>
    <ClInclude Include="..\include\OWEATHER.h">
      <Filter>Header Files</Filter>
    </ClInclude>
    <ClInclude Include="..\include\OWORLD.h">
      <Filter>Header Files</Filter>
    </ClInclude>
    <ClInclude Include="..\include\OWORLDMT.h">
      <Filter>Header Files</Filter>
    </ClInclude>
    <ClInclude Include="..\include\player_desc.h">
      <Filter>Header Files</Filter>
    </ClInclude>
    <ClInclude Include="..\include\RESOURCE.h">
      <Filter>Header Files</Filter>
    </ClInclude>
    <ClInclude Include="..\include\surface.h">
      <Filter>Header Files</Filter>
    </ClInclude>
    <ClInclude Include="..\include\surface_base.h">
      <Filter>Header Files</Filter>
    </ClInclude>
    <ClInclude Include="..\include\surface_ddraw.h">
      <Filter>Header Files</Filter>
    </ClInclude>
    <ClInclude Include="..\include\surface_none.h">
      <Filter>Header Files</Filter>
    </ClInclude>
    <ClInclude Include="..\include\surface_sdl.h">
      <Filter>Header Files</Filter>
    </ClInclude>
    <ClInclude Include="..\include\vga_base.h">
      <Filter>Header Files</Filter>
    </ClInclude>
    <ClInclude Include="..\include\vga_ddraw.h">
      <Filter>Header Files</Filter>
    </ClInclude>
    <ClInclude Include="..\include\vga_none.h">
      <Filter>Header Files</Filter>
    </ClInclude>
    <ClInclude Include="..\include\vga_sdl.h">
      <Filter>Header Files</Filter>
    </ClInclude>
    <ClInclude Include="..\include\vga_util.h">
      <Filter>Header Files</Filter>
    </ClInclude>
    <ClInclude Include="..\include\WALLTILE.h">
      <Filter>Header Files</Filter>
    </ClInclude>
    <ClInclude Include="..\include\wav_stream.h">
      <Filter>Header Files</Filter>
    </ClInclude>
    <ClInclude Include="..\include\win32_compat.h">
      <Filter>Header Files</Filter>
    </ClInclude>
  </ItemGroup>
  <ItemGroup>
    <ClCompile Include="..\src\audio\openal\openal_audio.cpp">
      <Filter>Source Files</Filter>
    </ClCompile>
    <ClCompile Include="..\src\audio\openal\wav_stream.cpp">
      <Filter>Source Files</Filter>
    </ClCompile>
    <ClCompile Include="..\src\client\OAI_ACT.cpp">
      <Filter>Source Files</Filter>
    </ClCompile>
    <ClCompile Include="..\src\client\OAI_ACT2.cpp">
      <Filter>Source Files</Filter>
    </ClCompile>
    <ClCompile Include="..\src\client\OAI_ATTK.cpp">
      <Filter>Source Files</Filter>
    </ClCompile>
    <ClCompile Include="..\src\client\OAI_BUIL.cpp">
      <Filter>Source Files</Filter>
    </ClCompile>
    <ClCompile Include="..\src\client\OAI_CAP2.cpp">
      <Filter>Source Files</Filter>
    </ClCompile>
    <ClCompile Include="..\src\client\OAI_CAPT.cpp">
      <Filter>Source Files</Filter>
    </ClCompile>
    <ClCompile Include="..\src\client\OAI_DEFE.cpp">
      <Filter>Source Files</Filter>
    </ClCompile>
    <ClCompile Include="..\src\client\OAI_DIPL.cpp">
      <Filter>Source Files</Filter>
    </ClCompile>
    <ClCompile Include="..\src\client\OAI_ECO.cpp">
      <Filter>Source Files</Filter>
    </ClCompile>
    <ClCompile Include="..\src\client\OAI_GRAN.cpp">
      <Filter>Source Files</Filter>
    </ClCompile>
    <ClCompile Include="..\src\client\OAI_INFO.cpp">
      <Filter>Source Files</Filter>
    </ClCompile>
    <ClCompile Include="..\src\client\OAI_MAIN.cpp">
      <Filter>Source Files</Filter>
    </ClCompile>
    <ClCompile Include="..\src\client\OAI_MAR2.cpp">
      <Filter>Source Files</Filter>
    </ClCompile>
    <ClCompile Include="..\src\client\OAI_MAR3.cpp">
      <Filter>Source Files</Filter>
    </ClCompile>
    <ClCompile Include="..\src\client\OAI_MARI.cpp">
      <Filter>Source Files</Filter>
    </ClCompile>
    <ClCompile Include="..\src\client\OAI_MILI.cpp">
      <Filter>Source Files</Filter>
    </ClCompile>
    <ClCompile Include="..\src\client\OAI_MONS.cpp">
      <Filter>Source Files</Filter>
    </ClCompile>
    <ClCompile Include="..\src\client\OAI_QUER.cpp">
      <Filter>Source Files</Filter>
    </ClCompile>
    <ClCompile Include="..\src\client\OAI_SEEK.cpp">
      <Filter>Source Files</Filter>
    </ClCompile>
    <ClCompile Include="..\src\client\OAI_SPY.cpp">
      <Filter>Source Files</Filter>
    </ClCompile>
    <ClCompile Include="..\src\client\OAI_TALK.cpp">
      <Filter>Source Files</Filter>
    </ClCompile>
    <ClCompile Include="..\src\client\OAI_TOWN.cpp">
      <Filter>Source Files</Filter>
    </ClCompile>
    <ClCompile Include="..\src\client\OAI_TRAD.cpp">
      <Filter>Source Files</Filter>
    </ClCompile>
    <ClCompile Include="..\src\client\OAI_UNIT.cpp">
      <Filter>Source Files</Filter>
    </ClCompile>
    <ClCompile Include="..\src\client\OANLINE.cpp">
      <Filter>Source Files</Filter>
    </ClCompile>
    <ClCompile Include="..\src\client\OBATTLE.cpp">
      <Filter>Source Files</Filter>
    </ClCompile>
    <ClCompile Include="..\src\client\OBLOB.cpp">
      <Filter>Source Files</Filter>
    </ClCompile>
    <ClCompile Include="..\src\client\OBOX.cpp">
      <Filter>Source Files</Filter>
    </ClCompile>
    <ClCompile Include="..\src\client\OBULLET.cpp">
      <Filter>Source Files</Filter>
    </ClCompile>
    <ClCompile Include="..\src\client\OBULLETA.cpp">
      <Filter>Source Files</Filter>
    </ClCompile>
    <ClCompile Include="..\src\client\OBUTT3D.cpp">
      <Filter>Source Files</Filter>
    </ClCompile>
    <ClCompile Include="..\src\client\OBUTTCUS.cpp">
      <Filter>Source Files</Filter>
    </ClCompile>
    <ClCompile Include="..\src\client\OBUTTON.cpp">
      <Filter>Source Files</Filter>
    </ClCompile>
    <ClCompile Include="..\src\client\OB_FLAME.cpp">
      <Filter>Source Files</Filter>
    </ClCompile>
    <ClCompile Include="..\src\client\OB_HOMIN.cpp">
      <Filter>Source Files</Filter>
    </ClCompile>
    <ClCompile Include="..\src\client\OB_PROJ.cpp">
      <Filter>Source Files</Filter>
    </ClCompile>
    <ClCompile Include="..\src\client\OCRC_STO.cpp">
      <Filter>Source Files</Filter>
    </ClCompile>
    <ClCompile Include="..\src\client\ODYNARR.cpp">
      <Filter>Source Files</Filter>
    </ClCompile>
    <ClCompile Include="..\src\client\ODYNARRB.cpp">
      <Filter>Source Files</Filter>
    </ClCompile>
    <ClCompile Include="..\src\client\OEFFECT.cpp">
      <Filter>Source Files</Filter>
    </ClCompile>
    <ClCompile Include="..\src\client\OEXPMASK.cpp">
      <Filter>Source Files</Filter>
    </ClCompile>
    <ClCompile Include="..\src\client\OFILETXT.cpp">
      <Filter>Source Files</Filter>
    </ClCompile>
    <ClCompile Include="..\src\client\OFIRM.cpp">
      <Filter>Source Files</Filter>
    </ClCompile>
    <ClCompile Include="..\src\client\OFIRM2.cpp">
      <Filter>Source Files</Filter>
    </ClCompile>
    <ClCompile Include="..\src\client\OFIRMA.cpp">
      <Filter>Source Files</Filter>
    </ClCompile>
    <ClCompile Include="..\src\client\OFIRMAI.cpp">
      <Filter>Source Files</Filter>
    </ClCompile>
    <ClCompile Include="..\src\client\OFIRMDIE.cpp">
      <Filter>Source Files</Filter>
    </ClCompile>
    <ClCompile Include="..\src\client\OFIRMDRW.cpp">
      <Filter>Source Files</Filter>
    </ClCompile>
    <ClCompile Include="..\src\client\OFIRMIF.cpp">
      <Filter>Source Files</Filter>
    </ClCompile>
    <ClCompile Include="..\src\client\OFIRMIF2.cpp">
      <Filter>Source Files</Filter>
    </ClCompile>
    <ClCompile Include="..\src\client\OFIRMIF3.cpp">
      <Filter>Source Files</Filter>
    </ClCompile>
    <ClCompile Include="..\src\client\OFIRMRES.cpp">
      <Filter>Source Files</Filter>
    </ClCompile>
    <ClCompile Include="..\src\client\OFLAME.cpp">
      <Filter>Source Files</Filter>
    </ClCompile>
    <ClCompile Include="..\src\client\OFONT.cpp">
      <Filter>Source Files</Filter>
    </ClCompile>
    <ClCompile Include="..\src\client\OF_BASE.cpp">
      <Filter>Source Files</Filter>
    </ClCompile>
    <ClCompile Include="..\src\client\OF_BASE2.cpp">
      <Filter>Source Files</Filter>
    </ClCompile>
    <ClCompile Include="..\src\client\OF_CAMP.cpp">
      <Filter>Source Files</Filter>
    </ClCompile>
    <ClCompile Include="..\src\client\OF_CAMP2.cpp">
      <Filter>Source Files</Filter>
    </ClCompile>
    <ClCompile Include="..\src\client\OF_FACT.cpp">
      <Filter>Source Files</Filter>
    </ClCompile>
    <ClCompile Include="..\src\client\OF_FACT2.cpp">
      <Filter>Source Files</Filter>
    </ClCompile>
    <ClCompile Include="..\src\client\OF_HARB.cpp">
      <Filter>Source Files</Filter>
    </ClCompile>
    <ClCompile Include="..\src\client\OF_HARB2.cpp">
      <Filter>Source Files</Filter>
    </ClCompile>
    <ClCompile Include="..\src\client\OF_INN.cpp">
      <Filter>Source Files</Filter>
    </ClCompile>
    <ClCompile Include="..\src\client\OF_INN2.cpp">
      <Filter>Source Files</Filter>
    </ClCompile>
    <ClCompile Include="..\src\client\OF_MARK.cpp">
      <Filter>Source Files</Filter>
    </ClCompile>
    <ClCompile Include="..\src\client\OF_MARK2.cpp">
      <Filter>Source Files</Filter>
    </ClCompile>
    <ClCompile Include="..\src\client\OF_MINE.cpp">
      <Filter>Source Files</Filter>
    </ClCompile>
    <ClCompile Include="..\src\client\OF_MINE2.cpp">
      <Filter>Source Files</Filter>
    </ClCompile>
    <ClCompile Include="..\src\client\OF_MONS.cpp">
      <Filter>Source Files</Filter>
    </ClCompile>
    <ClCompile Include="..\src\client\OF_RESE.cpp">
      <Filter>Source Files</Filter>
    </ClCompile>
    <ClCompile Include="..\src\client\OF_RESE2.cpp">
      <Filter>Source Files</Filter>
    </ClCompile>
    <ClCompile Include="..\src\client\OF_WAR.cpp">
      <Filter>Source Files</Filter>
    </ClCompile>
    <ClCompile Include="..\src\client\OF_WAR2.cpp">
      <Filter>Source Files</Filter>
    </ClCompile>
    <ClCompile Include="..\src\client\OGAMCRED.cpp">
      <Filter>Source Files</Filter>
    </ClCompile>
    <ClCompile Include="..\src\client\OGAME.cpp">
      <Filter>Source Files</Filter>
    </ClCompile>
    <ClCompile Include="..\src\client\OGAMEMP.cpp">
      <Filter>Source Files</Filter>
    </ClCompile>
    <ClCompile Include="..\src\client\OGAMENCY.cpp">
      <Filter>Source Files</Filter>
    </ClCompile>
    <ClCompile Include="..\src\client\OGAMEND.cpp">
      <Filter>Source Files</Filter>
    </ClCompile>
    <ClCompile Include="..\src\client\OGAMESET.cpp">
      <Filter>Source Files</Filter>
    </ClCompile>
    <ClCompile Include="..\src\client\OGAMHALL.cpp">
      <Filter>Source Files</Filter>
    </ClCompile>
    <ClCompile Include="..\src\client\OGAMMAIN.cpp">
      <Filter>Source Files</Filter>
    </ClCompile>
    <ClCompile Include="..\src\client\OGAMMENU.cpp">
      <Filter>Source Files</Filter>
    </ClCompile>
    <ClCompile Include="..\src\client\OGAMSCE2.cpp">
      <Filter>Source Files</Filter>
    </ClCompile>
    <ClCompile Include="..\src\client\OGAMSCEN.cpp">
      <Filter>Source Files</Filter>
    </ClCompile>
    <ClCompile Include="..\src\client\OGAMSING.cpp">
      <Filter>Source Files</Filter>
    </ClCompile>
    <ClCompile Include="..\src\client\OGENHILL.cpp">
      <Filter>Source Files</Filter>
    </ClCompile>
    <ClCompile Include="..\src\client\OGENMAP.cpp">
      <Filter>Source Files</Filter>
    </ClCompile>
    <ClCompile Include="..\src\client\OGETA.cpp">
      <Filter>Source Files</Filter>
    </ClCompile>
    <ClCompile Include="..\src\client\OGFILE.cpp">
      <Filter>Source Files</Filter>
    </ClCompile>
    <ClCompile Include="..\src\client\OGFILE2.cpp">
      <Filter>Source Files</Filter>
    </ClCompile>
    <ClCompile Include="..\src\client\OGFILE3.cpp">
      <Filter>Source Files</Filter>
    </ClCompile>
    <ClCompile Include="..\src\client\OGFILEA.cpp">
      <Filter>Source Files</Filter>
    </ClCompile>
    <ClCompile Include="..\src\client\OGF_V1.cpp">
      <Filter>Source Files</Filter>
    </ClCompile>
    <ClCompile Include="..\src\client\OGODRES.cpp">
      <Filter>Source Files</Filter>
    </ClCompile>
    <ClCompile Include="..\src\client\OGRPSEL.cpp">
      <Filter>Source Files</Filter>
    </ClCompile>
    <ClCompile Include="..\src\client\OHELP.cpp">
      <Filter>Source Files</Filter>
    </ClCompile>
    <ClCompile Include="..\src\client\OHILLRES.cpp">
      <Filter>Source Files</Filter>
    </ClCompile>
    <ClCompile Include="..\src\client\OIMGRES.cpp">
      <Filter>Source Files</Filter>
    </ClCompile>
    <ClCompile Include="..\src\client\OINFO.cpp">
      <Filter>Source Files</Filter>
    </ClCompile>
    <ClCompile Include="..\src\client\OINGMENU.cpp">
      <Filter>Source Files</Filter>
    </ClCompile>
    <ClCompile Include="..\src\client\OLIGHTN.cpp">
      <Filter>Source Files</Filter>
    </ClCompile>
    <ClCompile Include="..\src\client\OLIGHTN2.cpp">
      <Filter>Source Files</Filter>
    </ClCompile>
    <ClCompile Include="..\src\client\OLOG.cpp">
      <Filter>Source Files</Filter>
    </ClCompile>
    <ClCompile Include="..\src\client\OLONGLOG.cpp">
      <Filter>Source Files</Filter>
    </ClCompile>
    <ClCompile Include="..\src\client\OLZW.cpp">
      <Filter>Source Files</Filter>
    </ClCompile>
    <ClCompile Include="..\src\client\OMATRIX.cpp">
      <Filter>Source Files</Filter>
    </ClCompile>
    <ClCompile Include="..\src\client\OMONSRES.cpp">
      <Filter>Source Files</Filter>
    </ClCompile>
    <ClCompile Include="..\src\client\OMOUSECR.cpp">
      <Filter>Source Files</Filter>
    </ClCompile>
    <ClCompile Include="..\src\client\OMP_CRC.cpp">
      <Filter>Source Files</Filter>
    </ClCompile>
    <ClCompile Include="..\src\client\OMUSIC.cpp">
      <Filter>Source Files</Filter>
    </ClCompile>
    <ClCompile Include="..\src\client\ONATIONA.cpp">
      <Filter>Source Files</Filter>
    </ClCompile>
    <ClCompile Include="..\src\client\ONATIONB.cpp">
      <Filter>Source Files</Filter>
    </ClCompile>
    <ClCompile Include="..\src\client\ONEWS.cpp">
      <Filter>Source Files</Filter>
    </ClCompile>
    <ClCompile Include="..\src\client\ONEWS2.cpp">
      <Filter>Source Files</Filter>
    </ClCompile>
    <ClCompile Include="..\src\client\ONEWSENG.cpp">
      <Filter>Source Files</Filter>
    </ClCompile>
    <ClCompile Include="..\src\client\ONEWSFRE.cpp">
      <Filter>Source Files</Filter>
    </ClCompile>
    <ClCompile Include="..\src\client\ONEWSGER.cpp">
      <Filter>Source Files</Filter>
    </ClCompile>
    <ClCompile Include="..\src\client\ONEWSSPA.cpp">
      <Filter>Source Files</Filter>
    </ClCompile>
    <ClCompile Include="..\src\client\OOPTMENU.cpp">
      <Filter>Source Files</Filter>
    </ClCompile>
    <ClCompile Include="..\src\client\OPLANT.cpp">
      <Filter>Source Files</Filter>
    </ClCompile>
    <ClCompile Include="..\src\client\OPLASMA.cpp">
      <Filter>Source Files</Filter>
    </ClCompile>
    <ClCompile Include="..\src\client\OPOWER.cpp">
      <Filter>Source Files</Filter>
    </ClCompile>
    <ClCompile Include="..\src\client\ORACERES.cpp">
      <Filter>Source Files</Filter>
    </ClCompile>
    <ClCompile Include="..\src\client\ORAIN1.cpp">
      <Filter>Source Files</Filter>
    </ClCompile>
    <ClCompile Include="..\src\client\ORAIN2.cpp">
      <Filter>Source Files</Filter>
    </ClCompile>
    <ClCompile Include="..\src\client\ORAIN3.cpp">
      <Filter>Source Files</Filter>
    </ClCompile>
    <ClCompile Include="..\src\client\ORAWRES.cpp">
      <Filter>Source Files</Filter>
    </ClCompile>
    <ClCompile Include="..\src\client\OREBEL.cpp">
      <Filter>Source Files</Filter>
    </ClCompile>
    <ClCompile Include="..\src\client\OREGION.cpp">
      <Filter>Source Files</Filter>
    </ClCompile>
    <ClCompile Include="..\src\client\OREGIONS.cpp">
      <Filter>Source Files</Filter>
    </ClCompile>
    <ClCompile Include="..\src\client\OROCK.cpp">
      <Filter>Source Files</Filter>
    </ClCompile>
    <ClCompile Include="..\src\client\OROCKRES.cpp">
      <Filter>Source Files</Filter>
    </ClCompile>
    <ClCompile Include="..\src\client\OR_AI.cpp">
      <Filter>Source Files</Filter>
    </ClCompile>
    <ClCompile Include="..\src\client\OR_ECO.cpp">
      <Filter>Source Files</Filter>
    </ClCompile>
    <ClCompile Include="..\src\client\OR_MIL.cpp">
      <Filter>Source Files</Filter>
    </ClCompile>
    <ClCompile Include="..\src\client\OR_NAT.cpp">
      <Filter>Source Files</Filter>
    </ClCompile>
    <ClCompile Include="..\src\client\OR_NEWS.cpp">
      <Filter>Source Files</Filter>
    </ClCompile>
    <ClCompile Include="..\src\client\OR_RANK.cpp">
      <Filter>Source Files</Filter>
    </ClCompile>
    <ClCompile Include="..\src\client\OR_SPY.cpp">
      <Filter>Source Files</Filter>
    </ClCompile>
    <ClCompile Include="..\src\client\OR_TECH.cpp">
      <Filter>Source Files</Filter>
    </ClCompile>
    <ClCompile Include="..\src\client\OR_TOWN.cpp">
      <Filter>Source Files</Filter>
    </ClCompile>
    <ClCompile Include="..\src\client\OR_TRADE.cpp">
      <Filter>Source Files</Filter>
    </ClCompile>
    <ClCompile Include="..\src\client\OSCROLL.cpp">
      <Filter>Source Files</Filter>
    </ClCompile>
    <ClCompile Include="..\src\client\OSE.cpp">
      <Filter>Source Files</Filter>
    </ClCompile>
    <ClCompile Include="..\src\client\OSERES.cpp">
      <Filter>Source Files</Filter>
    </ClCompile>
    <ClCompile Include="..\src\client\OSFRMRES.cpp">
      <Filter>Source Files</Filter>
    </ClCompile>
    <ClCompile Include="..\src\client\OSITE.cpp">
      <Filter>Source Files</Filter>
    </ClCompile>
    <ClCompile Include="..\src\client\OSITEDRW.cpp">
      <Filter>Source Files</Filter>
    </ClCompile>
    <ClCompile Include="..\src\client\OSKILL.cpp">
      <Filter>Source Files</Filter>
    </ClCompile>
    <ClCompile Include="..\src\client\OSLIDCUS.cpp">
      <Filter>Source Files</Filter>
    </ClCompile>
    <ClCompile Include="..\src\client\OSNOW1.cpp">
      <Filter>Source Files</Filter>
    </ClCompile>
    <ClCompile Include="..\src\client\OSNOW2.cpp">
      <Filter>Source Files</Filter>
    </ClCompile>
    <ClCompile Include="..\src\client\OSNOWG.cpp">
      <Filter>Source Files</Filter>
    </ClCompile>
    <ClCompile Include="..\src\client\OSNOWRES.cpp">
      <Filter>Source Files</Filter>
    </ClCompile>
    <ClCompile Include="..\src\client\OSPATH.cpp">
      <Filter>Source Files</Filter>
    </ClCompile>
    <ClCompile Include="..\src\client\OSPATHBT.cpp">
      <Filter>Source Files</Filter>
    </ClCompile>
    <ClCompile Include="..\src\client\OSPREDBG.cpp">
      <Filter>Source Files</Filter>
    </ClCompile>
    <ClCompile Include="..\src\client\OSPREOFF.cpp">
      <Filter>Source Files</Filter>
    </ClCompile>
    <ClCompile Include="..\src\client\OSPRESMO.cpp">
      <Filter>Source Files</Filter>
    </ClCompile>
    <ClCompile Include="..\src\client\OSPREUSE.cpp">
      <Filter>Source Files</Filter>
    </ClCompile>
    <ClCompile Include="..\src\client\OSPRITE.cpp">
      <Filter>Source Files</Filter>
    </ClCompile>
    <ClCompile Include="..\src\client\OSPRITE2.cpp">
      <Filter>Source Files</Filter>
    </ClCompile>
    <ClCompile Include="..\src\client\OSPRITEA.cpp">
      <Filter>Source Files</Filter>
    </ClCompile>
    <ClCompile Include="..\src\client\OSPRTRES.cpp">
      <Filter>Source Files</Filter>
    </ClCompile>
    <ClCompile Include="..\src\client\OSPY.cpp">
      <Filter>Source Files</Filter>
    </ClCompile>
    <ClCompile Include="..\src\client\OSPY2.cpp">
      <Filter>Source Files</Filter>
    </ClCompile>
    <ClCompile Include="..\src\client\OSPYA.cpp">
      <Filter>Source Files</Filter>
    </ClCompile>
    <ClCompile Include="..\src\client\OSYS.cpp">
      <Filter>Source Files</Filter>
    </ClCompile>
    <ClCompile Include="..\src\client\OSYS2.cpp">
      <Filter>Source Files</Filter>
    </ClCompile>
    <ClCompile Include="..\src\client\OSYS3.cpp">
      <Filter>Source Files</Filter>
    </ClCompile>
    <ClCompile Include="..\src\client\OTALKENG.cpp">
      <Filter>Source Files</Filter>
    </ClCompile>
    <ClCompile Include="..\src\client\OTALKFRE.cpp">
      <Filter>Source Files</Filter>
    </ClCompile>
    <ClCompile Include="..\src\client\OTALKGER.cpp">
      <Filter>Source Files</Filter>
    </ClCompile>
    <ClCompile Include="..\src\client\OTALKMSG.cpp">
      <Filter>Source Files</Filter>
    </ClCompile>
    <ClCompile Include="..\src\client\OTALKRES.cpp">
      <Filter>Source Files</Filter>
    </ClCompile>
    <ClCompile Include="..\src\client\OTALKSPA.cpp">
      <Filter>Source Files</Filter>
    </ClCompile>
    <ClCompile Include="..\src\client\OTECHRES.cpp">
      <Filter>Source Files</Filter>
    </ClCompile>
    <ClCompile Include="..\src\client\OTERRAIN.cpp">
      <Filter>Source Files</Filter>
    </ClCompile>
    <ClCompile Include="..\src\client\OTORNADO.cpp">
      <Filter>Source Files</Filter>
    </ClCompile>
    <ClCompile Include="..\src\client\OTOWN.cpp">
      <Filter>Source Files</Filter>
    </ClCompile>
    <ClCompile Include="..\src\client\OTOWNA.cpp">
      <Filter>Source Files</Filter>
    </ClCompile>
    <ClCompile Include="..\src\client\OTOWNAI.cpp">
      <Filter>Source Files</Filter>
    </ClCompile>
    <ClCompile Include="..\src\client\OTOWNBLD.cpp">
      <Filter>Source Files</Filter>
    </ClCompile>
    <ClCompile Include="..\src\client\OTOWNDRW.cpp">
      <Filter>Source Files</Filter>
    </ClCompile>
    <ClCompile Include="..\src\client\OTOWNIF.cpp">
      <Filter>Source Files</Filter>
    </ClCompile>
    <ClCompile Include="..\src\client\OTOWNIND.cpp">
      <Filter>Source Files</Filter>
    </ClCompile>
    <ClCompile Include="..\src\client\OTownNetwork.cpp">
      <Filter>Source Files</Filter>
    </ClCompile>
    <ClCompile Include="..\src\client\OTOWNRES.cpp">
      <Filter>Source Files</Filter>
    </ClCompile>
    <ClCompile Include="..\src\client\OTRANSL.cpp">
      <Filter>Source Files</Filter>
    </ClCompile>
    <ClCompile Include="..\src\client\OTUTOR.cpp">
      <Filter>Source Files</Filter>
    </ClCompile>
    <ClCompile Include="..\src\client\OTUTOR2.cpp">
      <Filter>Source Files</Filter>
    </ClCompile>
    <ClCompile Include="..\src\client\OUNIT.cpp">
      <Filter>Source Files</Filter>
    </ClCompile>
    <ClCompile Include="..\src\client\OUNIT2.cpp">
      <Filter>Source Files</Filter>
    </ClCompile>
    <ClCompile Include="..\src\client\OUNITA.cpp">
      <Filter>Source Files</Filter>
    </ClCompile>
    <ClCompile Include="..\src\client\OUNITAAC.cpp">
      <Filter>Source Files</Filter>
    </ClCompile>
    <ClCompile Include="..\src\client\OUNITAAT.cpp">
      <Filter>Source Files</Filter>
    </ClCompile>
    <ClCompile Include="..\src\client\OUNITAC.cpp">
      <Filter>Source Files</Filter>
    </ClCompile>
    <ClCompile Include="..\src\client\OUNITAI.cpp">
      <Filter>Source Files</Filter>
    </ClCompile>
    <ClCompile Include="..\src\client\OUNITAM.cpp">
      <Filter>Source Files</Filter>
    </ClCompile>
    <ClCompile Include="..\src\client\OUNITAMT.cpp">
      <Filter>Source Files</Filter>
    </ClCompile>
    <ClCompile Include="..\src\client\OUNITAT.cpp">
      <Filter>Source Files</Filter>
    </ClCompile>
    <ClCompile Include="..\src\client\OUNITAT2.cpp">
      <Filter>Source Files</Filter>
    </ClCompile>
    <ClCompile Include="..\src\client\OUNITAT3.cpp">
      <Filter>Source Files</Filter>
    </ClCompile>
    <ClCompile Include="..\src\client\OUNITATB.cpp">
      <Filter>Source Files</Filter>
    </ClCompile>
    <ClCompile Include="..\src\client\OUNITD.cpp">
      <Filter>Source Files</Filter>
    </ClCompile>
    <ClCompile Include="..\src\client\OUNITDRW.cpp">
      <Filter>Source Files</Filter>
    </ClCompile>
    <ClCompile Include="..\src\client\OUNITHB.cpp">
      <Filter>Source Files</Filter>
    </ClCompile>
    <ClCompile Include="..\src\client\OUNITI.cpp">
      <Filter>Source Files</Filter>
    </ClCompile>
    <ClCompile Include="..\src\client\OUNITIF.cpp">
      <Filter>Source Files</Filter>
    </ClCompile>
    <ClCompile Include="..\src\client\OUNITIND.cpp">
      <Filter>Source Files</Filter>
    </ClCompile>
    <ClCompile Include="..\src\client\OUNITM.cpp">
      <Filter>Source Files</Filter>
    </ClCompile>
    <ClCompile Include="..\src\client\OUNITRES.cpp">
      <Filter>Source Files</Filter>
    </ClCompile>
    <ClCompile Include="..\src\client\OUNITS.cpp">
      <Filter>Source Files</Filter>
    </ClCompile>
    <ClCompile Include="..\src\client\OU_CARA.cpp">
      <Filter>Source Files</Filter>
    </ClCompile>
    <ClCompile Include="..\src\client\OU_CARA2.cpp">
      <Filter>Source Files</Filter>
    </ClCompile>
    <ClCompile Include="..\src\client\OU_CARAS.cpp">
      <Filter>Source Files</Filter>
    </ClCompile>
    <ClCompile Include="..\src\client\OU_CARAT.cpp">
      <Filter>Source Files</Filter>
    </ClCompile>
    <ClCompile Include="..\src\client\OU_CART.cpp">
      <Filter>Source Files</Filter>
    </ClCompile>
    <ClCompile Include="..\src\client\OU_GOD.cpp">
      <Filter>Source Files</Filter>
    </ClCompile>
    <ClCompile Include="..\src\client\OU_GOD2.cpp">
      <Filter>Source Files</Filter>
    </ClCompile>
    <ClCompile Include="..\src\client\OU_MARI.cpp">
      <Filter>Source Files</Filter>
    </ClCompile>
    <ClCompile Include="..\src\client\OU_MARI2.cpp">
      <Filter>Source Files</Filter>
    </ClCompile>
    <ClCompile Include="..\src\client\OU_MARIF.cpp">
      <Filter>Source Files</Filter>
    </ClCompile>
    <ClCompile Include="..\src\client\OU_MARIS.cpp">
      <Filter>Source Files</Filter>
    </ClCompile>
    <ClCompile Include="..\src\client\OU_MARIT.cpp">
      <Filter>Source Files</Filter>
    </ClCompile>
    <ClCompile Include="..\src\client\OU_MONS.cpp">
      <Filter>Source Files</Filter>
    </ClCompile>
    <ClCompile Include="..\src\client\OU_VEHI.cpp">
      <Filter>Source Files</Filter>
    </ClCompile>
    <ClCompile Include="..\src\client\OVBROWIF.cpp">
      <Filter>Source Files</Filter>
    </ClCompile>
    <ClCompile Include="..\src\client\OVBROWSE.cpp">
      <Filter>Source Files</Filter>
    </ClCompile>
    <ClCompile Include="..\src\client\OVIDEO.cpp">
      <Filter>Source Files</Filter>
    </ClCompile>
    <ClCompile Include="..\src\client\OVOLUME.cpp">
      <Filter>Source Files</Filter>
    </ClCompile>
    <ClCompile Include="..\src\client\OVQUEUE.cpp">
      <Filter>Source Files</Filter>
    </ClCompile>
    <ClCompile Include="..\src\client\OWALLRES.cpp">
      <Filter>Source Files</Filter>
    </ClCompile>
    <ClCompile Include="..\src\client\OWARPT.cpp">
      <Filter>Source Files</Filter>
    </ClCompile>
    <ClCompile Include="..\src\client\OWEATHER.cpp">
      <Filter>Source Files</Filter>
    </ClCompile>
    <ClCompile Include="..\src\client\OWORLD.cpp">
      <Filter>Source Files</Filter>
    </ClCompile>
    <ClCompile Include="..\src\client\OWORLD_M.cpp">
      <Filter>Source Files</Filter>
    </ClCompile>
    <ClCompile Include="..\src\client\OWORLD_Z.cpp">
      <Filter>Source Files</Filter>
    </ClCompile>
    <ClCompile Include="..\src\client\OW_FIRE.cpp">
      <Filter>Source Files</Filter>
    </ClCompile>
    <ClCompile Include="..\src\client\OW_PLANT.cpp">
      <Filter>Source Files</Filter>
    </ClCompile>
    <ClCompile Include="..\src\client\OW_ROCK.cpp">
      <Filter>Source Files</Filter>
    </ClCompile>
    <ClCompile Include="..\src\client\OW_SOUND.cpp">
      <Filter>Source Files</Filter>
    </ClCompile>
    <ClCompile Include="..\src\client\OW_WALL.cpp">
      <Filter>Source Files</Filter>
    </ClCompile>
    <ClCompile Include="..\src\common\dbglog.cpp">
      <Filter>Source Files</Filter>
    </ClCompile>
    <ClCompile Include="..\src\common\OCONFIG.cpp">
      <Filter>Source Files</Filter>
    </ClCompile>
    <ClCompile Include="..\src\common\ODATE.cpp">
      <Filter>Source Files</Filter>
    </ClCompile>
    <ClCompile Include="..\src\common\OERROR.cpp">
      <Filter>Source Files</Filter>
    </ClCompile>
    <ClCompile Include="..\src\common\OMEM.cpp">
      <Filter>Source Files</Filter>
    </ClCompile>
    <ClCompile Include="..\src\common\OMISC.cpp">
      <Filter>Source Files</Filter>
    </ClCompile>
    <ClCompile Include="..\src\common\OSTR.cpp">
      <Filter>Source Files</Filter>
    </ClCompile>
    <ClCompile Include="..\src\file\file_input_stream.cpp">
      <Filter>Source Files</Filter>
    </ClCompile>
    <ClCompile Include="..\src\file\file_output_stream.cpp">
      <Filter>Source Files</Filter>
    </ClCompile>
    <ClCompile Include="..\src\file\file_reader.cpp">
      <Filter>Source Files</Filter>
    </ClCompile>
    <ClCompile Include="..\src\file\file_util.cpp">
      <Filter>Source Files</Filter>
    </ClCompile>
    <ClCompile Include="..\src\file\file_writer.cpp">
      <Filter>Source Files</Filter>
    </ClCompile>
    <ClCompile Include="..\src\file\input_stream.cpp">
      <Filter>Source Files</Filter>
    </ClCompile>
    <ClCompile Include="..\src\file\mem_input_stream.cpp">
      <Filter>Source Files</Filter>
    </ClCompile>
    <ClCompile Include="..\src\file\ODB.cpp">
      <Filter>Source Files</Filter>
    </ClCompile>
    <ClCompile Include="..\src\file\ODIR.cpp">
      <Filter>Source Files</Filter>
    </ClCompile>
    <ClCompile Include="..\src\file\OFILE.cpp">
      <Filter>Source Files</Filter>
    </ClCompile>
    <ClCompile Include="..\src\file\ORES.cpp">
      <Filter>Source Files</Filter>
    </ClCompile>
    <ClCompile Include="..\src\file\ORESDB.cpp">
      <Filter>Source Files</Filter>
    </ClCompile>
    <ClCompile Include="..\src\file\ORESX.cpp">
      <Filter>Source Files</Filter>
    </ClCompile>
    <ClCompile Include="..\src\file\output_stream.cpp">
      <Filter>Source Files</Filter>
    </ClCompile>
    <ClCompile Include="..\src\imgfun\CRC.cpp">
      <Filter>Source Files</Filter>
    </ClCompile>
    <ClCompile Include="..\src\imgfun\IB.cpp">
      <Filter>Source Files</Filter>
    </ClCompile>
    <ClCompile Include="..\src\imgfun\IB2.cpp">
      <Filter>Source Files</Filter>
    </ClCompile>
    <ClCompile Include="..\src\imgfun\IB_32.cpp">
      <Filter>Source Files</Filter>
    </ClCompile>
    <ClCompile Include="..\src\imgfun\IB_A.cpp">
      <Filter>Source Files</Filter>
    </ClCompile>
    <ClCompile Include="..\src\imgfun\IB_AR.cpp">
      <Filter>Source Files</Filter>
    </ClCompile>
    <ClCompile Include="..\src\imgfun\IB_AT.cpp">
      <Filter>Source Files</Filter>
    </ClCompile>
    <ClCompile Include="..\src\imgfun\IB_ATD.cpp">
      <Filter>Source Files</Filter>
    </ClCompile>
    <ClCompile Include="..\src\imgfun\IB_ATDM.cpp">
      <Filter>Source Files</Filter>
    </ClCompile>
    <ClCompile Include="..\src\imgfun\IB_ATR.cpp">
      <Filter>Source Files</Filter>
    </ClCompile>
    <ClCompile Include="..\src\imgfun\IB_ATRD.cpp">
      <Filter>Source Files</Filter>
    </ClCompile>
    <ClCompile Include="..\src\imgfun\IB_ATRDM.cpp">
      <Filter>Source Files</Filter>
    </ClCompile>
    <ClCompile Include="..\src\imgfun\IB_DW.cpp">
      <Filter>Source Files</Filter>
    </ClCompile>
    <ClCompile Include="..\src\imgfun\IB_R.cpp">
      <Filter>Source Files</Filter>
    </ClCompile>
    <ClCompile Include="..\src\imgfun\IB_RD.cpp">
      <Filter>Source Files</Filter>
    </ClCompile>
    <ClCompile Include="..\src\imgfun\IB_T.cpp">
      <Filter>Source Files</Filter>
    </ClCompile>
    <ClCompile Include="..\src\imgfun\IB_TD.cpp">
      <Filter>Source Files</Filter>
    </ClCompile>
    <ClCompile Include="..\src\imgfun\IB_TDM.cpp">
      <Filter>Source Files</Filter>
    </ClCompile>
    <ClCompile Include="..\src\imgfun\IB_TR.cpp">
      <Filter>Source Files</Filter>
    </ClCompile>
    <ClCompile Include="..\src\imgfun\IB_TRD.cpp">
      <Filter>Source Files</Filter>
    </ClCompile>
    <ClCompile Include="..\src\imgfun\IB_TRDM.cpp">
      <Filter>Source Files</Filter>
    </ClCompile>
    <ClCompile Include="..\src\imgfun\IC.cpp">
      <Filter>Source Files</Filter>
    </ClCompile>
    <ClCompile Include="..\src\imgfun\IC_R.cpp">
      <Filter>Source Files</Filter>
    </ClCompile>
    <ClCompile Include="..\src\imgfun\IJ_T.cpp">
      <Filter>Source Files</Filter>
    </ClCompile>
    <ClCompile Include="..\src\imgfun\IR.cpp">
      <Filter>Source Files</Filter>
    </ClCompile>
    <ClCompile Include="..\src\imgfun\IR_A.cpp">
      <Filter>Source Files</Filter>
    </ClCompile>
    <ClCompile Include="..\src\imgfun\IR_AM.cpp">
      <Filter>Source Files</Filter>
    </ClCompile>
    <ClCompile Include="..\src\imgfun\IR_BAR.cpp">
      <Filter>Source Files</Filter>
    </ClCompile>
    <ClCompile Include="..\src\imgfun\IR_M.cpp">
      <Filter>Source Files</Filter>
    </ClCompile>
    <ClCompile Include="..\src\imgfun\I_BAR.cpp">
      <Filter>Source Files</Filter>
    </ClCompile>
    <ClCompile Include="..\src\imgfun\I_BLACK.cpp">
      <Filter>Source Files</Filter>
    </ClCompile>
    <ClCompile Include="..\src\imgfun\I_EMASK.cpp">
      <Filter>Source Files</Filter>
    </ClCompile>
    <ClCompile Include="..\src\imgfun\I_EREMAP.cpp">
      <Filter>Source Files</Filter>
    </ClCompile>
    <ClCompile Include="..\src\imgfun\I_FONT.cpp">
      <Filter>Source Files</Filter>
    </ClCompile>
    <ClCompile Include="..\src\imgfun\I_FREMAP.cpp">
      <Filter>Source Files</Filter>
    </ClCompile>
    <ClCompile Include="..\src\imgfun\I_LINE.cpp">
      <Filter>Source Files</Filter>
    </ClCompile>
    <ClCompile Include="..\src\imgfun\I_PIXEL.cpp">
      <Filter>Source Files</Filter>
    </ClCompile>
    <ClCompile Include="..\src\imgfun\I_READ.cpp">
      <Filter>Source Files</Filter>
    </ClCompile>
    <ClCompile Include="..\src\imgfun\I_SNOW.cpp">
      <Filter>Source Files</Filter>
    </ClCompile>
    <ClCompile Include="..\src\multiplayer\common\multiplayer.cpp">
      <Filter>Source Files</Filter>
    </ClCompile>
    <ClCompile Include="..\src\multiplayer\common\OERRCTRL.cpp">
      <Filter>Source Files</Filter>
    </ClCompile>
    <ClCompile Include="..\src\multiplayer\common\OREMOTE.cpp">
      <Filter>Source Files</Filter>
    </ClCompile>
    <ClCompile Include="..\src\multiplayer\common\OREMOTE2.cpp">
      <Filter>Source Files</Filter>
    </ClCompile>
    <ClCompile Include="..\src\multiplayer\common\OREMOTEM.cpp">
      <Filter>Source Files</Filter>
    </ClCompile>
    <ClCompile Include="..\src\multiplayer\common\OREMOTEQ.cpp">
      <Filter>Source Files</Filter>
    </ClCompile>
    <ClCompile Include="..\src\multiplayer\common\player_desc.cpp">
      <Filter>Source Files</Filter>
    </ClCompile>
    <ClCompile Include="..\src\video\common\OCOLTBL.cpp">
      <Filter>Source Files</Filter>
    </ClCompile>
    <ClCompile Include="..\src\video\common\OVGABUF.cpp">
      <Filter>Source Files</Filter>
    </ClCompile>
    <ClCompile Include="..\src\video\common\OVGABUF2.cpp">
      <Filter>Source Files</Filter>
    </ClCompile>
    <ClCompile Include="..\src\video\common\OVGALOCK.cpp">
      <Filter>Source Files</Filter>
    </ClCompile>
    <ClCompile Include="..\src\video\common\vgautil.cpp">
      <Filter>Source Files</Filter>
    </ClCompile>
    <ClCompile Include="..\src\video\common\vgautil2.cpp">
      <Filter>Source Files</Filter>
    </ClCompile>
    <ClCompile Include="..\src\video\sdl\surface_sdl.cpp">
      <Filter>Source Files</Filter>
    </ClCompile>
    <ClCompile Include="..\src\video\sdl\vga_sdl.cpp">
      <Filter>Source Files</Filter>
    </ClCompile>
    <ClCompile Include="..\src\client\AM.cpp">
      <Filter>Source Files</Filter>
    </ClCompile>
    <ClCompile Include="..\src\input\sdl\OMOUSE.cpp">
      <Filter>Source Files</Filter>
    </ClCompile>
  </ItemGroup>
  <ItemGroup>
    <None Include="..\src\imgfun\asm\ALL.inc">
      <Filter>Source Files</Filter>
    </None>
  </ItemGroup>
</Project>